
Microsoft Visual Studio Solution File, Format Version 12.00
# Visual Studio Version 17
VisualStudioVersion = 17.4.33122.133
MinimumVisualStudioVersion = 10.0.40219.1
Project("{FAE04EC0-301F-11D3-BF4B-00C04F79EFBC}") = "01_Algoritma", "01_Algoritma\01_Algoritma.csproj", "{0CC06F91-132A-4B60-9C2B-6FAB523B4288}"
EndProject
Project("{FAE04EC0-301F-11D3-BF4B-00C04F79EFBC}") = "02_VeriTipleri_Degiskenler", "02_VeriTipleri_Degiskenler\02_VeriTipleri_Degiskenler.csproj", "{3E210EB4-79FC-4AC0-92D7-CC72F1A31C81}"
EndProject
Project("{FAE04EC0-301F-11D3-BF4B-00C04F79EFBC}") = "03_Operatörler", "03_Operatörler\03_Operatörler.csproj", "{E7745226-128D-4B2C-A870-919DDE7D548F}"
EndProject
Project("{FAE04EC0-301F-11D3-BF4B-00C04F79EFBC}") = "04_ConvertToType", "04_ConvertToType\04_ConvertToType.csproj", "{7328AD7C-D03C-46CF-B594-4834116C0C2F}"
EndProject
Project("{FAE04EC0-301F-11D3-BF4B-00C04F79EFBC}") = "05_DateTime", "05_DateTime\05_DateTime.csproj", "{26FC9899-0A19-417B-A1A0-6B371C2E5AEE}"
EndProject
Project("{FAE04EC0-301F-11D3-BF4B-00C04F79EFBC}") = "06_IF_ELSEIF_ELSE", "06_IF_ELSEIF_ELSE\06_IF_ELSEIF_ELSE.csproj", "{07A10CB5-8308-4974-B6A0-0A62DE5C970C}"
EndProject
Project("{FAE04EC0-301F-11D3-BF4B-00C04F79EFBC}") = "06_IF_ELSEIF_ELSE_01", "06_IF_ELSEIF_ELSE_01\06_IF_ELSEIF_ELSE_01.csproj", "{E549FEC4-03F9-4DDC-A159-73014D15D7C8}"
EndProject
Project("{FAE04EC0-301F-11D3-BF4B-00C04F79EFBC}") = "06_IF_ELSEIF_ELSE_02", "06_IF_ELSEIF_ELSE_02\06_IF_ELSEIF_ELSE_02.csproj", "{E6953117-DA32-47D7-912B-64AE828D03D6}"
EndProject
Project("{FAE04EC0-301F-11D3-BF4B-00C04F79EFBC}") = "06_IF_ELSEIF_ELSE_03", "06_IF_ELSEIF_ELSE_03\06_IF_ELSEIF_ELSE_03.csproj", "{92B16018-3038-483B-9A95-B107BEAD15E4}"
EndProject
Project("{FAE04EC0-301F-11D3-BF4B-00C04F79EFBC}") = "06_IF_ELSEIF_ELSE_04", "06_IF_ELSEIF_ELSE_04\06_IF_ELSEIF_ELSE_04.csproj", "{8EAD21DF-6A79-4602-8905-6C0B5323EA45}"
EndProject
Project("{FAE04EC0-301F-11D3-BF4B-00C04F79EFBC}") = "07_Switch_Case", "07_Switch_Case\07_Switch_Case.csproj", "{3C53DD43-2010-473D-9722-4FB0273A6FDC}"
EndProject
Project("{FAE04EC0-301F-11D3-BF4B-00C04F79EFBC}") = "08_Try_Catch", "08_Try_Catch\08_Try_Catch.csproj", "{878EA4B4-7A9B-4DD2-AF4A-80ED652A65ED}"
EndProject
Project("{FAE04EC0-301F-11D3-BF4B-00C04F79EFBC}") = "08_ODEV_1", "08_ODEV_1\08_ODEV_1.csproj", "{FC56BF59-2BF8-4840-8C1A-3112C78BB386}"
EndProject
Project("{FAE04EC0-301F-11D3-BF4B-00C04F79EFBC}") = "09_Loops", "09_Loops\09_Loops.csproj", "{BC101FCB-9D01-4685-96DC-DF739AE3E2EB}"
EndProject
Project("{FAE04EC0-301F-11D3-BF4B-00C04F79EFBC}") = "08_ODEV_2", "08_ODEV_2\08_ODEV_2.csproj", "{4163AE08-2673-44B0-921B-0F38D769A0E4}"
EndProject
Project("{FAE04EC0-301F-11D3-BF4B-00C04F79EFBC}") = "10_Arrays", "10_Arrays\10_Arrays.csproj", "{760208F6-35D7-4063-BDD0-D15299044732}"
EndProject
Project("{FAE04EC0-301F-11D3-BF4B-00C04F79EFBC}") = "10_Arrays_Odev_1", "10_Arrays_Odev_1\10_Arrays_Odev_1.csproj", "{C4D31732-5594-44EE-A87D-EB362C5EB3CA}"
EndProject
Project("{FAE04EC0-301F-11D3-BF4B-00C04F79EFBC}") = "10_Arrays_Proje", "10_Array_Proje\10_Arrays_Proje.csproj", "{AA01F4DB-7E57-498A-B86A-70077AE6F089}"
EndProject
Global
	GlobalSection(SolutionConfigurationPlatforms) = preSolution
		Debug|Any CPU = Debug|Any CPU
		Release|Any CPU = Release|Any CPU
	EndGlobalSection
	GlobalSection(ProjectConfigurationPlatforms) = postSolution
		{0CC06F91-132A-4B60-9C2B-6FAB523B4288}.Debug|Any CPU.ActiveCfg = Debug|Any CPU
		{0CC06F91-132A-4B60-9C2B-6FAB523B4288}.Debug|Any CPU.Build.0 = Debug|Any CPU
		{0CC06F91-132A-4B60-9C2B-6FAB523B4288}.Release|Any CPU.ActiveCfg = Release|Any CPU
		{0CC06F91-132A-4B60-9C2B-6FAB523B4288}.Release|Any CPU.Build.0 = Release|Any CPU
		{3E210EB4-79FC-4AC0-92D7-CC72F1A31C81}.Debug|Any CPU.ActiveCfg = Debug|Any CPU
		{3E210EB4-79FC-4AC0-92D7-CC72F1A31C81}.Debug|Any CPU.Build.0 = Debug|Any CPU
		{3E210EB4-79FC-4AC0-92D7-CC72F1A31C81}.Release|Any CPU.ActiveCfg = Release|Any CPU
		{3E210EB4-79FC-4AC0-92D7-CC72F1A31C81}.Release|Any CPU.Build.0 = Release|Any CPU
		{E7745226-128D-4B2C-A870-919DDE7D548F}.Debug|Any CPU.ActiveCfg = Debug|Any CPU
		{E7745226-128D-4B2C-A870-919DDE7D548F}.Debug|Any CPU.Build.0 = Debug|Any CPU
		{E7745226-128D-4B2C-A870-919DDE7D548F}.Release|Any CPU.ActiveCfg = Release|Any CPU
		{E7745226-128D-4B2C-A870-919DDE7D548F}.Release|Any CPU.Build.0 = Release|Any CPU
		{7328AD7C-D03C-46CF-B594-4834116C0C2F}.Debug|Any CPU.ActiveCfg = Debug|Any CPU
		{7328AD7C-D03C-46CF-B594-4834116C0C2F}.Debug|Any CPU.Build.0 = Debug|Any CPU
		{7328AD7C-D03C-46CF-B594-4834116C0C2F}.Release|Any CPU.ActiveCfg = Release|Any CPU
		{7328AD7C-D03C-46CF-B594-4834116C0C2F}.Release|Any CPU.Build.0 = Release|Any CPU
		{26FC9899-0A19-417B-A1A0-6B371C2E5AEE}.Debug|Any CPU.ActiveCfg = Debug|Any CPU
		{26FC9899-0A19-417B-A1A0-6B371C2E5AEE}.Debug|Any CPU.Build.0 = Debug|Any CPU
		{26FC9899-0A19-417B-A1A0-6B371C2E5AEE}.Release|Any CPU.ActiveCfg = Release|Any CPU
		{26FC9899-0A19-417B-A1A0-6B371C2E5AEE}.Release|Any CPU.Build.0 = Release|Any CPU
		{07A10CB5-8308-4974-B6A0-0A62DE5C970C}.Debug|Any CPU.ActiveCfg = Debug|Any CPU
		{07A10CB5-8308-4974-B6A0-0A62DE5C970C}.Debug|Any CPU.Build.0 = Debug|Any CPU
		{07A10CB5-8308-4974-B6A0-0A62DE5C970C}.Release|Any CPU.ActiveCfg = Release|Any CPU
		{07A10CB5-8308-4974-B6A0-0A62DE5C970C}.Release|Any CPU.Build.0 = Release|Any CPU
		{E549FEC4-03F9-4DDC-A159-73014D15D7C8}.Debug|Any CPU.ActiveCfg = Debug|Any CPU
		{E549FEC4-03F9-4DDC-A159-73014D15D7C8}.Debug|Any CPU.Build.0 = Debug|Any CPU
		{E549FEC4-03F9-4DDC-A159-73014D15D7C8}.Release|Any CPU.ActiveCfg = Release|Any CPU
		{E549FEC4-03F9-4DDC-A159-73014D15D7C8}.Release|Any CPU.Build.0 = Release|Any CPU
		{E6953117-DA32-47D7-912B-64AE828D03D6}.Debug|Any CPU.ActiveCfg = Debug|Any CPU
		{E6953117-DA32-47D7-912B-64AE828D03D6}.Debug|Any CPU.Build.0 = Debug|Any CPU
		{E6953117-DA32-47D7-912B-64AE828D03D6}.Release|Any CPU.ActiveCfg = Release|Any CPU
		{E6953117-DA32-47D7-912B-64AE828D03D6}.Release|Any CPU.Build.0 = Release|Any CPU
		{92B16018-3038-483B-9A95-B107BEAD15E4}.Debug|Any CPU.ActiveCfg = Debug|Any CPU
		{92B16018-3038-483B-9A95-B107BEAD15E4}.Debug|Any CPU.Build.0 = Debug|Any CPU
		{92B16018-3038-483B-9A95-B107BEAD15E4}.Release|Any CPU.ActiveCfg = Release|Any CPU
		{92B16018-3038-483B-9A95-B107BEAD15E4}.Release|Any CPU.Build.0 = Release|Any CPU
		{8EAD21DF-6A79-4602-8905-6C0B5323EA45}.Debug|Any CPU.ActiveCfg = Debug|Any CPU
		{8EAD21DF-6A79-4602-8905-6C0B5323EA45}.Debug|Any CPU.Build.0 = Debug|Any CPU
		{8EAD21DF-6A79-4602-8905-6C0B5323EA45}.Release|Any CPU.ActiveCfg = Release|Any CPU
		{8EAD21DF-6A79-4602-8905-6C0B5323EA45}.Release|Any CPU.Build.0 = Release|Any CPU
		{3C53DD43-2010-473D-9722-4FB0273A6FDC}.Debug|Any CPU.ActiveCfg = Debug|Any CPU
		{3C53DD43-2010-473D-9722-4FB0273A6FDC}.Debug|Any CPU.Build.0 = Debug|Any CPU
		{3C53DD43-2010-473D-9722-4FB0273A6FDC}.Release|Any CPU.ActiveCfg = Release|Any CPU
		{3C53DD43-2010-473D-9722-4FB0273A6FDC}.Release|Any CPU.Build.0 = Release|Any CPU
		{878EA4B4-7A9B-4DD2-AF4A-80ED652A65ED}.Debug|Any CPU.ActiveCfg = Debug|Any CPU
		{878EA4B4-7A9B-4DD2-AF4A-80ED652A65ED}.Debug|Any CPU.Build.0 = Debug|Any CPU
		{878EA4B4-7A9B-4DD2-AF4A-80ED652A65ED}.Release|Any CPU.ActiveCfg = Release|Any CPU
		{878EA4B4-7A9B-4DD2-AF4A-80ED652A65ED}.Release|Any CPU.Build.0 = Release|Any CPU
		{FC56BF59-2BF8-4840-8C1A-3112C78BB386}.Debug|Any CPU.ActiveCfg = Debug|Any CPU
		{FC56BF59-2BF8-4840-8C1A-3112C78BB386}.Debug|Any CPU.Build.0 = Debug|Any CPU
		{FC56BF59-2BF8-4840-8C1A-3112C78BB386}.Release|Any CPU.ActiveCfg = Release|Any CPU
		{FC56BF59-2BF8-4840-8C1A-3112C78BB386}.Release|Any CPU.Build.0 = Release|Any CPU
		{BC101FCB-9D01-4685-96DC-DF739AE3E2EB}.Debug|Any CPU.ActiveCfg = Debug|Any CPU
		{BC101FCB-9D01-4685-96DC-DF739AE3E2EB}.Debug|Any CPU.Build.0 = Debug|Any CPU
		{BC101FCB-9D01-4685-96DC-DF739AE3E2EB}.Release|Any CPU.ActiveCfg = Release|Any CPU
		{BC101FCB-9D01-4685-96DC-DF739AE3E2EB}.Release|Any CPU.Build.0 = Release|Any CPU
		{4163AE08-2673-44B0-921B-0F38D769A0E4}.Debug|Any CPU.ActiveCfg = Debug|Any CPU
		{4163AE08-2673-44B0-921B-0F38D769A0E4}.Debug|Any CPU.Build.0 = Debug|Any CPU
		{4163AE08-2673-44B0-921B-0F38D769A0E4}.Release|Any CPU.ActiveCfg = Release|Any CPU
		{4163AE08-2673-44B0-921B-0F38D769A0E4}.Release|Any CPU.Build.0 = Release|Any CPU
		{760208F6-35D7-4063-BDD0-D15299044732}.Debug|Any CPU.ActiveCfg = Debug|Any CPU
		{760208F6-35D7-4063-BDD0-D15299044732}.Debug|Any CPU.Build.0 = Debug|Any CPU
		{760208F6-35D7-4063-BDD0-D15299044732}.Release|Any CPU.ActiveCfg = Release|Any CPU
		{760208F6-35D7-4063-BDD0-D15299044732}.Release|Any CPU.Build.0 = Release|Any CPU
		{C4D31732-5594-44EE-A87D-EB362C5EB3CA}.Debug|Any CPU.ActiveCfg = Debug|Any CPU
		{C4D31732-5594-44EE-A87D-EB362C5EB3CA}.Debug|Any CPU.Build.0 = Debug|Any CPU
		{C4D31732-5594-44EE-A87D-EB362C5EB3CA}.Release|Any CPU.ActiveCfg = Release|Any CPU
		{C4D31732-5594-44EE-A87D-EB362C5EB3CA}.Release|Any CPU.Build.0 = Release|Any CPU
		{AA01F4DB-7E57-498A-B86A-70077AE6F089}.Debug|Any CPU.ActiveCfg = Debug|Any CPU
		{AA01F4DB-7E57-498A-B86A-70077AE6F089}.Debug|Any CPU.Build.0 = Debug|Any CPU
		{AA01F4DB-7E57-498A-B86A-70077AE6F089}.Release|Any CPU.ActiveCfg = Release|Any CPU
		{AA01F4DB-7E57-498A-B86A-70077AE6F089}.Release|Any CPU.Build.0 = Release|Any CPU
	EndGlobalSection
	GlobalSection(SolutionProperties) = preSolution
		HideSolutionNode = FALSE
	EndGlobalSection
	GlobalSection(ExtensibilityGlobals) = postSolution
		SolutionGuid = {95EEE64E-FB96-4CFF-84BC-EF4BD632C7C1}
	EndGlobalSection
EndGlobal
